{
  "meteor": {},
  "dependencies": {
    "basePackages": {
      "router": {},
      "accounts-ui-bootstrap-dropdown": {},
      "z-mongo-admin": {},
      "Cordova": {}
    },
    "packages": {
      "router": {
        "git": "https://github.com/tmeasday/meteor-router.git",
        "tag": "v0.5.3",
        "commit": "7bd3a1bdd1099625bb8b49406d9b8f961d6f4a17"
      },
      "accounts-ui-bootstrap-dropdown": {
        "git": "https://github.com/erobit/meteor-accounts-ui-bootstrap-dropdown.git",
        "tag": "v0.1.5",
        "commit": "e12b128f140caa2797720cbd5fae084de7810c6a"
      },
      "z-mongo-admin": {
        "git": "https://github.com/gterrono/meteor-admin-ui.git",
        "tag": "v0.1.1",
        "commit": "e43f000cbbab16ed4f67f95e5ca8b100235c07e7"
      },
      "Cordova": {
        "git": "https://github.com/raix/Meteor-Cordova.git",
        "tag": "v0.0.1",
        "commit": "07875287f4524b58a619a73fd733a4639446d7b9"
      },
      "page-js-ie-support": {
        "git": "https://github.com/tmeasday/meteor-page-js-ie-support.git",
        "tag": "v1.3.5",
        "commit": "b99ed8380aefd10b2afc8f18d9eed4dd0d8ea9cb"
      },
      "spin": {
        "git": "https://github.com/SachaG/meteor-spin.git",
        "tag": "v0.2.0",
        "commit": "fd3a2871a69442848b4b4e74f5e1ae28fa4a95a4"
      }
    }
  }
}
